<?xml version="1.0" encoding="utf-8"?>
<Project ToolsVersion="4.0" xmlns="http://schemas.microsoft.com/developer/msbuild/2003">
  <ItemGroup>
    <Filter Include="Infinity Space">
      <UniqueIdentifier>{5689d18c-2f7e-4850-bd52-4c54c76b6c56}</UniqueIdentifier>
    </Filter>
    <Filter Include="Infinity Space\window">
      <UniqueIdentifier>{ea55f777-d4cc-4972-a5e5-c4f101c286a5}</UniqueIdentifier>
    </Filter>
    <Filter Include="Infinity Space\PixelShader">
      <UniqueIdentifier>{0e5216d5-56ea-4f2c-8103-acede04596e9}</UniqueIdentifier>
    </Filter>
    <Filter Include="Infinity Space\Rending">
      <UniqueIdentifier>{ed375a45-6e1f-4bed-9577-4cfd254ec680}</UniqueIdentifier>
    </Filter>
    <Filter Include="Infinity Space\Rending\HomeScreen">
      <UniqueIdentifier>{9c62a818-1d66-4fe6-89b9-63ad333e27ce}</UniqueIdentifier>
    </Filter>
    <Filter Include="Infinity Space\SwapShain">
      <UniqueIdentifier>{eb75ef8d-ae93-40c6-bc54-f2797d001d1b}</UniqueIdentifier>
    </Filter>
  </ItemGroup>
  <ItemGroup>
    <ClCompile Include="main.cpp">
      <Filter>Infinity Space</Filter>
    </ClCompile>
    <ClCompile Include="window.cpp">
      <Filter>Infinity Space\window</Filter>
    </ClCompile>
    <ClCompile Include="PixelShader.cpp">
      <Filter>Infinity Space\PixelShader</Filter>
    </ClCompile>
    <ClCompile Include="HomeScreen.cpp">
      <Filter>Infinity Space\Rending\HomeScreen</Filter>
    </ClCompile>
    <ClCompile Include="SwapShain.cpp" />
  </ItemGroup>
  <ItemGroup>
    <ClInclude Include="window.h">
      <Filter>Infinity Space\window</Filter>
    </ClInclude>
    <ClInclude Include="PixelShader.h">
      <Filter>Infinity Space\PixelShader</Filter>
    </ClInclude>
    <ClInclude Include="HomeScreen.h">
      <Filter>Infinity Space\Rending\HomeScreen</Filter>
    </ClInclude>
    <ClInclude Include="SwapShain.h" />
  </ItemGroup>
  <ItemGroup>
    <FxCompile Include="PixelShader.hlsl">
      <Filter>Infinity Space\PixelShader</Filter>
    </FxCompile>
  </ItemGroup>
</Project>