<?xml version="1.0" encoding="utf-8"?>
<Project ToolsVersion="4.0" xmlns="http://schemas.microsoft.com/developer/msbuild/2003">
  <ItemGroup>
    <Filter Include="Window">
      <UniqueIdentifier>{831e82db-1f6b-4c93-bd81-bb3c12a3cffe}</UniqueIdentifier>
    </Filter>
    <Filter Include="Hlsl">
      <UniqueIdentifier>{a9f7d710-b169-4dc7-9679-9a208ddb5e31}</UniqueIdentifier>
    </Filter>
    <Filter Include="PSO">
      <UniqueIdentifier>{d2cad18e-bc93-4c16-9c78-498ec5734216}</UniqueIdentifier>
    </Filter>
    <Filter Include="LogError">
      <UniqueIdentifier>{fca263ae-3092-4d42-8d08-0ef35f1e5e0c}</UniqueIdentifier>
    </Filter>
    <Filter Include="Frame">
      <UniqueIdentifier>{9b7a86c6-8ecb-4015-8223-94878c2434b3}</UniqueIdentifier>
    </Filter>
    <Filter Include="Frame\Button">
      <UniqueIdentifier>{2a365fb2-3366-4461-90c1-9233a87c0be9}</UniqueIdentifier>
    </Filter>
    <Filter Include="GraphicsRendering">
      <UniqueIdentifier>{83861cb6-e7b9-4db8-a42a-389ddb1fe4b3}</UniqueIdentifier>
    </Filter>
    <Filter Include="GraphicsRendering\Buffer">
      <UniqueIdentifier>{fa641c2f-e60f-4eaa-946d-c405d582a079}</UniqueIdentifier>
    </Filter>
    <Filter Include="GraphicsRendering\VertexShader">
      <UniqueIdentifier>{5dcef495-0c17-41d0-9175-5f6b98764e0a}</UniqueIdentifier>
    </Filter>
    <Filter Include="GraphicsRendering\PixelShader">
      <UniqueIdentifier>{fcc95ad2-8250-4cf6-8a41-4c34b9a304a0}</UniqueIdentifier>
    </Filter>
    <Filter Include="Resource">
      <UniqueIdentifier>{8069402a-73c1-4c5f-b4f8-53216ad5ad0a}</UniqueIdentifier>
    </Filter>
    <Filter Include="Resource\HeapProperties">
      <UniqueIdentifier>{8ba61005-8bb8-444f-a5d0-c54ec0bc2c24}</UniqueIdentifier>
    </Filter>
    <Filter Include="Resource\IndexBuffer">
      <UniqueIdentifier>{f3290fb3-a35d-4f0b-bca6-19c72b9ad19b}</UniqueIdentifier>
    </Filter>
    <Filter Include="Resource\3dmodels">
      <UniqueIdentifier>{0c22d394-9f27-4863-9397-4a9fd1d82e45}</UniqueIdentifier>
    </Filter>
    <Filter Include="Resource\Background">
      <UniqueIdentifier>{6ee05fa7-2c7f-4b3e-83b3-ba862d0c8851}</UniqueIdentifier>
    </Filter>
    <Filter Include="Math">
      <UniqueIdentifier>{2f7d0077-2c26-49e3-8e2f-69e8c9467177}</UniqueIdentifier>
    </Filter>
  </ItemGroup>
  <ItemGroup>
    <ClCompile Include="InfinitySpace.cpp">
      <Filter>Window</Filter>
    </ClCompile>
    <ClCompile Include="VertexShader.cpp">
      <Filter>GraphicsRendering\VertexShader</Filter>
    </ClCompile>
    <ClCompile Include="PixelShader.cpp">
      <Filter>GraphicsRendering\PixelShader</Filter>
    </ClCompile>
    <ClCompile Include="PSO.cpp">
      <Filter>PSO</Filter>
    </ClCompile>
    <ClCompile Include="LogError.cpp">
      <Filter>LogError</Filter>
    </ClCompile>
    <ClCompile Include="Button.cpp">
      <Filter>Frame\Button</Filter>
    </ClCompile>
    <ClCompile Include="Buffer.cpp">
      <Filter>GraphicsRendering\Buffer</Filter>
    </ClCompile>
    <ClCompile Include="IndexBuffer.cpp">
      <Filter>Resource\IndexBuffer</Filter>
    </ClCompile>
    <ClCompile Include="Resource.cpp">
      <Filter>Resource</Filter>
    </ClCompile>
    <ClCompile Include="HeapProperties.cpp">
      <Filter>Resource\HeapProperties</Filter>
    </ClCompile>
  </ItemGroup>
  <ItemGroup>
    <ClInclude Include="VertexShader.h">
      <Filter>GraphicsRendering\VertexShader</Filter>
    </ClInclude>
    <ClInclude Include="PixelShader.h">
      <Filter>GraphicsRendering\PixelShader</Filter>
    </ClInclude>
    <ClInclude Include="PSO.h">
      <Filter>PSO</Filter>
    </ClInclude>
    <ClInclude Include="LogError.h">
      <Filter>LogError</Filter>
    </ClInclude>
    <ClInclude Include="Button.h">
      <Filter>Frame\Button</Filter>
    </ClInclude>
    <ClInclude Include="Buffer.h">
      <Filter>GraphicsRendering\Buffer</Filter>
    </ClInclude>
    <ClInclude Include="IndexBuffer.h">
      <Filter>Resource\IndexBuffer</Filter>
    </ClInclude>
    <ClInclude Include="Resource.h">
      <Filter>Resource</Filter>
    </ClInclude>
    <ClInclude Include="HeapProperties.h">
      <Filter>Resource\HeapProperties</Filter>
    </ClInclude>
    <ClInclude Include="Matrix2D.h">
      <Filter>Math</Filter>
    </ClInclude>
    <ClInclude Include="Matrix3D.h">
      <Filter>Math</Filter>
    </ClInclude>
    <ClInclude Include="Matrix4D.h">
      <Filter>Math</Filter>
    </ClInclude>
  </ItemGroup>
  <ItemGroup>
    <FxCompile Include="VertexShader.hlsl">
      <Filter>Hlsl</Filter>
    </FxCompile>
    <FxCompile Include="PixelShader.hlsl">
      <Filter>Hlsl</Filter>
    </FxCompile>
  </ItemGroup>
</Project>