<?xml version="1.0" encoding="utf-8"?>
<Project ToolsVersion="4.0" xmlns="http://schemas.microsoft.com/developer/msbuild/2003">
  <ItemGroup>
    <Filter Include="Window">
      <UniqueIdentifier>{831e82db-1f6b-4c93-bd81-bb3c12a3cffe}</UniqueIdentifier>
    </Filter>
    <Filter Include="VertexShader">
      <UniqueIdentifier>{5dcef495-0c17-41d0-9175-5f6b98764e0a}</UniqueIdentifier>
    </Filter>
    <Filter Include="Hlsl">
      <UniqueIdentifier>{a9f7d710-b169-4dc7-9679-9a208ddb5e31}</UniqueIdentifier>
    </Filter>
    <Filter Include="PixelShader">
      <UniqueIdentifier>{fcc95ad2-8250-4cf6-8a41-4c34b9a304a0}</UniqueIdentifier>
    </Filter>
  </ItemGroup>
  <ItemGroup>
    <ClCompile Include="InfinitySpace.cpp">
      <Filter>Window</Filter>
    </ClCompile>
    <ClCompile Include="VertexShader.cpp">
      <Filter>VertexShader</Filter>
    </ClCompile>
    <ClCompile Include="PixelShader.cpp">
      <Filter>PixelShader</Filter>
    </ClCompile>
  </ItemGroup>
  <ItemGroup>
    <ClInclude Include="VertexShader.h">
      <Filter>VertexShader</Filter>
    </ClInclude>
    <ClInclude Include="PixelShader.h">
      <Filter>PixelShader</Filter>
    </ClInclude>
  </ItemGroup>
  <ItemGroup>
    <FxCompile Include="VertexShader.hlsl">
      <Filter>Hlsl</Filter>
    </FxCompile>
    <FxCompile Include="PixelShader.hlsl">
      <Filter>Hlsl</Filter>
    </FxCompile>
  </ItemGroup>
</Project>