<?xml version="1.0" encoding="utf-8"?>
<Project ToolsVersion="4.0" xmlns="http://schemas.microsoft.com/developer/msbuild/2003">
  <ItemGroup>
    <Filter Include="Window">
      <UniqueIdentifier>{831e82db-1f6b-4c93-bd81-bb3c12a3cffe}</UniqueIdentifier>
    </Filter>
    <Filter Include="Hlsl">
      <UniqueIdentifier>{a9f7d710-b169-4dc7-9679-9a208ddb5e31}</UniqueIdentifier>
    </Filter>
    <Filter Include="PSO">
      <UniqueIdentifier>{d2cad18e-bc93-4c16-9c78-498ec5734216}</UniqueIdentifier>
    </Filter>
    <Filter Include="LogError">
      <UniqueIdentifier>{fca263ae-3092-4d42-8d08-0ef35f1e5e0c}</UniqueIdentifier>
    </Filter>
    <Filter Include="Frame">
      <UniqueIdentifier>{9b7a86c6-8ecb-4015-8223-94878c2434b3}</UniqueIdentifier>
    </Filter>
    <Filter Include="Frame\Button">
      <UniqueIdentifier>{2a365fb2-3366-4461-90c1-9233a87c0be9}</UniqueIdentifier>
    </Filter>
    <Filter Include="GraphicsRendering">
      <UniqueIdentifier>{83861cb6-e7b9-4db8-a42a-389ddb1fe4b3}</UniqueIdentifier>
    </Filter>
    <Filter Include="GraphicsRendering\Buffer">
      <UniqueIdentifier>{fa641c2f-e60f-4eaa-946d-c405d582a079}</UniqueIdentifier>
    </Filter>
    <Filter Include="GraphicsRendering\VertexBuffer">
      <UniqueIdentifier>{f33251bc-baa0-4daa-92cf-4bcf881c7936}</UniqueIdentifier>
    </Filter>
    <Filter Include="GraphicsRendering\VertexShader">
      <UniqueIdentifier>{5dcef495-0c17-41d0-9175-5f6b98764e0a}</UniqueIdentifier>
    </Filter>
    <Filter Include="GraphicsRendering\PixelShader">
      <UniqueIdentifier>{fcc95ad2-8250-4cf6-8a41-4c34b9a304a0}</UniqueIdentifier>
    </Filter>
  </ItemGroup>
  <ItemGroup>
    <ClCompile Include="InfinitySpace.cpp">
      <Filter>Window</Filter>
    </ClCompile>
    <ClCompile Include="VertexShader.cpp">
      <Filter>GraphicsRendering\VertexShader</Filter>
    </ClCompile>
    <ClCompile Include="PixelShader.cpp">
      <Filter>GraphicsRendering\PixelShader</Filter>
    </ClCompile>
    <ClCompile Include="PSO.cpp">
      <Filter>PSO</Filter>
    </ClCompile>
    <ClCompile Include="LogError.cpp">
      <Filter>LogError</Filter>
    </ClCompile>
    <ClCompile Include="Button.cpp">
      <Filter>Frame\Button</Filter>
    </ClCompile>
    <ClCompile Include="Buffer.cpp">
      <Filter>GraphicsRendering\Buffer</Filter>
    </ClCompile>
  </ItemGroup>
  <ItemGroup>
    <ClInclude Include="VertexShader.h">
      <Filter>GraphicsRendering\VertexShader</Filter>
    </ClInclude>
    <ClInclude Include="PixelShader.h">
      <Filter>GraphicsRendering\PixelShader</Filter>
    </ClInclude>
    <ClInclude Include="PSO.h">
      <Filter>PSO</Filter>
    </ClInclude>
    <ClInclude Include="LogError.h">
      <Filter>LogError</Filter>
    </ClInclude>
    <ClInclude Include="Button.h">
      <Filter>Frame\Button</Filter>
    </ClInclude>
    <ClInclude Include="Buffer.h">
      <Filter>GraphicsRendering\Buffer</Filter>
    </ClInclude>
  </ItemGroup>
  <ItemGroup>
    <FxCompile Include="VertexShader.hlsl">
      <Filter>Hlsl</Filter>
    </FxCompile>
    <FxCompile Include="PixelShader.hlsl">
      <Filter>Hlsl</Filter>
    </FxCompile>
  </ItemGroup>
</Project>